
Microsoft Visual Studio Solution File, Format Version 12.00
# Visual Studio 2017
Project("{FAE04EC0-301F-11D3-BF4B-00C04F79EFBC}") = "Football", "Football.csproj", "{80AE7732-EB99-1FC7-8B22-B33B0A8D69DE}"
EndProject
Project("{FAE04EC0-301F-11D3-BF4B-00C04F79EFBC}") = "Football.Editor", "Football.Editor.csproj", "{954DF8C6-14F4-E52D-4503-70A4D8528DAF}"
EndProject
Global
	GlobalSection(SolutionConfigurationPlatforms) = preSolution
		Debug|Any CPU = Debug|Any CPU
		Release|Any CPU = Release|Any CPU
	EndGlobalSection
	GlobalSection(ProjectConfigurationPlatforms) = postSolution
		{80AE7732-EB99-1FC7-8B22-B33B0A8D69DE}.Debug|Any CPU.ActiveCfg = Debug|Any CPU
		{80AE7732-EB99-1FC7-8B22-B33B0A8D69DE}.Debug|Any CPU.Build.0 = Debug|Any CPU
		{80AE7732-EB99-1FC7-8B22-B33B0A8D69DE}.Release|Any CPU.ActiveCfg = Release|Any CPU
		{80AE7732-EB99-1FC7-8B22-B33B0A8D69DE}.Release|Any CPU.Build.0 = Release|Any CPU
		{954DF8C6-14F4-E52D-4503-70A4D8528DAF}.Debug|Any CPU.ActiveCfg = Debug|Any CPU
		{954DF8C6-14F4-E52D-4503-70A4D8528DAF}.Debug|Any CPU.Build.0 = Debug|Any CPU
		{954DF8C6-14F4-E52D-4503-70A4D8528DAF}.Release|Any CPU.ActiveCfg = Release|Any CPU
		{954DF8C6-14F4-E52D-4503-70A4D8528DAF}.Release|Any CPU.Build.0 = Release|Any CPU
	EndGlobalSection
	GlobalSection(SolutionProperties) = preSolution
		HideSolutionNode = FALSE
	EndGlobalSection
EndGlobal
